
Microsoft Visual Studio Solution File, Format Version 12.00
# Visual Studio 15
VisualStudioVersion = 15.0.26403.7
MinimumVisualStudioVersion = 10.0.40219.1
Project("{FAE04EC0-301F-11D3-BF4B-00C04F79EFBC}") = "Phyah", "Phyah\Phyah.csproj", "{A86AC004-B219-489D-838C-7EB2B10E8C3B}"
EndProject
Project("{FAE04EC0-301F-11D3-BF4B-00C04F79EFBC}") = "Phyah.Chain", "Phyah.Chain\Phyah.Chain.csproj", "{EC64E43A-0FA7-46B9-B05C-7D6717F10B65}"
EndProject
Project("{FAE04EC0-301F-11D3-BF4B-00C04F79EFBC}") = "Phyah.EventHub", "Phyah.EventHub\Phyah.EventHub.csproj", "{87702217-7690-4EBE-8307-1400D2F237C2}"
EndProject
Project("{FAE04EC0-301F-11D3-BF4B-00C04F79EFBC}") = "Test.Chain", "Test.Chain\Test.Chain.csproj", "{47460622-2362-48E3-8321-788DC9FC7854}"
EndProject
Project("{2150E333-8FDC-42A3-9474-1A3956D46DE8}") = "0.Test", "0.Test", "{A792AEF0-9396-4653-BF61-9DBEE2A37E40}"
EndProject
Project("{FAE04EC0-301F-11D3-BF4B-00C04F79EFBC}") = "Phyah.Channel", "Phyah.Core\Phyah.Channel.csproj", "{318FC224-11C6-49EA-BB9F-891F2AAB5275}"
EndProject
Project("{FAE04EC0-301F-11D3-BF4B-00C04F79EFBC}") = "Phyah.Web", "Phyah.Web\Phyah.Web.csproj", "{9D005FB0-16B1-4E41-9759-D66A4113644A}"
EndProject
Project("{FAE04EC0-301F-11D3-BF4B-00C04F79EFBC}") = "Phyah.Socket", "Phyah.Socket\Phyah.Socket.csproj", "{50AEAF8E-6A51-4A6B-8D24-670C67434E7B}"
EndProject
Project("{FAE04EC0-301F-11D3-BF4B-00C04F79EFBC}") = "Phyah.Remoting", "Phyah.Remoting\Phyah.Remoting.csproj", "{52C6C20D-9108-4313-BBA0-5BE6BD4CEABA}"
EndProject
Project("{FAE04EC0-301F-11D3-BF4B-00C04F79EFBC}") = "Phyah.Gatway", "Phyah.Gatway\Phyah.Gatway.csproj", "{EC81D679-186F-4581-B2E1-C61F1B369034}"
EndProject
Project("{FAE04EC0-301F-11D3-BF4B-00C04F79EFBC}") = "Phyah.Javascript", "Phyah.Javascript\Phyah.Javascript.csproj", "{50EB0C1E-873C-447C-9937-7C496D7250D2}"
EndProject
Project("{FAE04EC0-301F-11D3-BF4B-00C04F79EFBC}") = "Test", "Test\Test.csproj", "{81F99DD0-2460-4A83-9589-DB86EFB1A707}"
EndProject
Project("{2150E333-8FDC-42A3-9474-1A3956D46DE8}") = "2.Libraries", "2.Libraries", "{9B57D1C5-CD32-4FF6-BB5D-392B5A4B864F}"
EndProject
Project("{2150E333-8FDC-42A3-9474-1A3956D46DE8}") = "4.Project", "4.Project", "{5826688D-A5B7-44BB-913D-7740D420AF1F}"
EndProject
Project("{2150E333-8FDC-42A3-9474-1A3956D46DE8}") = "01.华学", "01.华学", "{A342A21D-7383-40F6-B56E-0CF66D5A6F96}"
EndProject
Project("{FAE04EC0-301F-11D3-BF4B-00C04F79EFBC}") = "Phyah.Huaxue", "Phyah.Huaxue\Phyah.Huaxue.csproj", "{75A2E00A-C110-4668-AC54-93574079918F}"
EndProject
Project("{FAE04EC0-301F-11D3-BF4B-00C04F79EFBC}") = "Phyah.Behind.Entities", "Phyah.Behind\Phyah.Behind.Entities.csproj", "{BCB9E295-E0BA-4460-980A-1D410721A480}"
EndProject
Project("{FAE04EC0-301F-11D3-BF4B-00C04F79EFBC}") = "Phyah.Behind.ILogic", "Phyah.Behind.ILogic\Phyah.Behind.ILogic.csproj", "{B43DBDF8-6EC0-4E69-9BDD-6131142764DF}"
EndProject
Project("{FAE04EC0-301F-11D3-BF4B-00C04F79EFBC}") = "Phyah.Behind.Logic", "Phyah.Behind.Logic\Phyah.Behind.Logic.csproj", "{F10ED42C-4A97-462D-812C-249C07B5F1EE}"
EndProject
Project("{FAE04EC0-301F-11D3-BF4B-00C04F79EFBC}") = "Phay.Resource", "Phay.Resource\Phay.Resource.csproj", "{73A6B03F-FF47-45FD-B3EE-99116AEB28D5}"
EndProject
Project("{2150E333-8FDC-42A3-9474-1A3956D46DE8}") = "00.资源管理", "00.资源管理", "{7D455737-A9F7-4F8F-A6F4-52E9AC93770E}"
EndProject
Project("{FAE04EC0-301F-11D3-BF4B-00C04F79EFBC}") = "Phyah.MediaFile", "Phyah.MediaFile\Phyah.MediaFile.csproj", "{FAF16BA9-5B06-43F3-A363-DF1D6A152A05}"
EndProject
Project("{FAE04EC0-301F-11D3-BF4B-00C04F79EFBC}") = "Phyah.Document", "Phyah.Document\Phyah.Document.csproj", "{BA9F1559-7F72-4564-B59C-4D2B824503FF}"
EndProject
Global
	GlobalSection(SolutionConfigurationPlatforms) = preSolution
		Debug|Any CPU = Debug|Any CPU
		Release|Any CPU = Release|Any CPU
	EndGlobalSection
	GlobalSection(ProjectConfigurationPlatforms) = postSolution
		{A86AC004-B219-489D-838C-7EB2B10E8C3B}.Debug|Any CPU.ActiveCfg = Debug|Any CPU
		{A86AC004-B219-489D-838C-7EB2B10E8C3B}.Debug|Any CPU.Build.0 = Debug|Any CPU
		{A86AC004-B219-489D-838C-7EB2B10E8C3B}.Release|Any CPU.ActiveCfg = Release|Any CPU
		{A86AC004-B219-489D-838C-7EB2B10E8C3B}.Release|Any CPU.Build.0 = Release|Any CPU
		{EC64E43A-0FA7-46B9-B05C-7D6717F10B65}.Debug|Any CPU.ActiveCfg = Debug|Any CPU
		{EC64E43A-0FA7-46B9-B05C-7D6717F10B65}.Debug|Any CPU.Build.0 = Debug|Any CPU
		{EC64E43A-0FA7-46B9-B05C-7D6717F10B65}.Release|Any CPU.ActiveCfg = Release|Any CPU
		{EC64E43A-0FA7-46B9-B05C-7D6717F10B65}.Release|Any CPU.Build.0 = Release|Any CPU
		{87702217-7690-4EBE-8307-1400D2F237C2}.Debug|Any CPU.ActiveCfg = Debug|Any CPU
		{87702217-7690-4EBE-8307-1400D2F237C2}.Debug|Any CPU.Build.0 = Debug|Any CPU
		{87702217-7690-4EBE-8307-1400D2F237C2}.Release|Any CPU.ActiveCfg = Release|Any CPU
		{87702217-7690-4EBE-8307-1400D2F237C2}.Release|Any CPU.Build.0 = Release|Any CPU
		{47460622-2362-48E3-8321-788DC9FC7854}.Debug|Any CPU.ActiveCfg = Debug|Any CPU
		{47460622-2362-48E3-8321-788DC9FC7854}.Debug|Any CPU.Build.0 = Debug|Any CPU
		{47460622-2362-48E3-8321-788DC9FC7854}.Release|Any CPU.ActiveCfg = Release|Any CPU
		{47460622-2362-48E3-8321-788DC9FC7854}.Release|Any CPU.Build.0 = Release|Any CPU
		{318FC224-11C6-49EA-BB9F-891F2AAB5275}.Debug|Any CPU.ActiveCfg = Debug|Any CPU
		{318FC224-11C6-49EA-BB9F-891F2AAB5275}.Debug|Any CPU.Build.0 = Debug|Any CPU
		{318FC224-11C6-49EA-BB9F-891F2AAB5275}.Release|Any CPU.ActiveCfg = Release|Any CPU
		{318FC224-11C6-49EA-BB9F-891F2AAB5275}.Release|Any CPU.Build.0 = Release|Any CPU
		{9D005FB0-16B1-4E41-9759-D66A4113644A}.Debug|Any CPU.ActiveCfg = Debug|Any CPU
		{9D005FB0-16B1-4E41-9759-D66A4113644A}.Debug|Any CPU.Build.0 = Debug|Any CPU
		{9D005FB0-16B1-4E41-9759-D66A4113644A}.Release|Any CPU.ActiveCfg = Release|Any CPU
		{9D005FB0-16B1-4E41-9759-D66A4113644A}.Release|Any CPU.Build.0 = Release|Any CPU
		{50AEAF8E-6A51-4A6B-8D24-670C67434E7B}.Debug|Any CPU.ActiveCfg = Debug|Any CPU
		{50AEAF8E-6A51-4A6B-8D24-670C67434E7B}.Debug|Any CPU.Build.0 = Debug|Any CPU
		{50AEAF8E-6A51-4A6B-8D24-670C67434E7B}.Release|Any CPU.ActiveCfg = Release|Any CPU
		{50AEAF8E-6A51-4A6B-8D24-670C67434E7B}.Release|Any CPU.Build.0 = Release|Any CPU
		{52C6C20D-9108-4313-BBA0-5BE6BD4CEABA}.Debug|Any CPU.ActiveCfg = Debug|Any CPU
		{52C6C20D-9108-4313-BBA0-5BE6BD4CEABA}.Debug|Any CPU.Build.0 = Debug|Any CPU
		{52C6C20D-9108-4313-BBA0-5BE6BD4CEABA}.Release|Any CPU.ActiveCfg = Release|Any CPU
		{52C6C20D-9108-4313-BBA0-5BE6BD4CEABA}.Release|Any CPU.Build.0 = Release|Any CPU
		{EC81D679-186F-4581-B2E1-C61F1B369034}.Debug|Any CPU.ActiveCfg = Debug|Any CPU
		{EC81D679-186F-4581-B2E1-C61F1B369034}.Debug|Any CPU.Build.0 = Debug|Any CPU
		{EC81D679-186F-4581-B2E1-C61F1B369034}.Release|Any CPU.ActiveCfg = Release|Any CPU
		{EC81D679-186F-4581-B2E1-C61F1B369034}.Release|Any CPU.Build.0 = Release|Any CPU
		{50EB0C1E-873C-447C-9937-7C496D7250D2}.Debug|Any CPU.ActiveCfg = Debug|Any CPU
		{50EB0C1E-873C-447C-9937-7C496D7250D2}.Debug|Any CPU.Build.0 = Debug|Any CPU
		{50EB0C1E-873C-447C-9937-7C496D7250D2}.Release|Any CPU.ActiveCfg = Release|Any CPU
		{50EB0C1E-873C-447C-9937-7C496D7250D2}.Release|Any CPU.Build.0 = Release|Any CPU
		{81F99DD0-2460-4A83-9589-DB86EFB1A707}.Debug|Any CPU.ActiveCfg = Debug|Any CPU
		{81F99DD0-2460-4A83-9589-DB86EFB1A707}.Debug|Any CPU.Build.0 = Debug|Any CPU
		{81F99DD0-2460-4A83-9589-DB86EFB1A707}.Release|Any CPU.ActiveCfg = Release|Any CPU
		{81F99DD0-2460-4A83-9589-DB86EFB1A707}.Release|Any CPU.Build.0 = Release|Any CPU
		{75A2E00A-C110-4668-AC54-93574079918F}.Debug|Any CPU.ActiveCfg = Debug|Any CPU
		{75A2E00A-C110-4668-AC54-93574079918F}.Debug|Any CPU.Build.0 = Debug|Any CPU
		{75A2E00A-C110-4668-AC54-93574079918F}.Release|Any CPU.ActiveCfg = Release|Any CPU
		{75A2E00A-C110-4668-AC54-93574079918F}.Release|Any CPU.Build.0 = Release|Any CPU
		{BCB9E295-E0BA-4460-980A-1D410721A480}.Debug|Any CPU.ActiveCfg = Debug|Any CPU
		{BCB9E295-E0BA-4460-980A-1D410721A480}.Debug|Any CPU.Build.0 = Debug|Any CPU
		{BCB9E295-E0BA-4460-980A-1D410721A480}.Release|Any CPU.ActiveCfg = Release|Any CPU
		{BCB9E295-E0BA-4460-980A-1D410721A480}.Release|Any CPU.Build.0 = Release|Any CPU
		{B43DBDF8-6EC0-4E69-9BDD-6131142764DF}.Debug|Any CPU.ActiveCfg = Debug|Any CPU
		{B43DBDF8-6EC0-4E69-9BDD-6131142764DF}.Debug|Any CPU.Build.0 = Debug|Any CPU
		{B43DBDF8-6EC0-4E69-9BDD-6131142764DF}.Release|Any CPU.ActiveCfg = Release|Any CPU
		{B43DBDF8-6EC0-4E69-9BDD-6131142764DF}.Release|Any CPU.Build.0 = Release|Any CPU
		{F10ED42C-4A97-462D-812C-249C07B5F1EE}.Debug|Any CPU.ActiveCfg = Debug|Any CPU
		{F10ED42C-4A97-462D-812C-249C07B5F1EE}.Debug|Any CPU.Build.0 = Debug|Any CPU
		{F10ED42C-4A97-462D-812C-249C07B5F1EE}.Release|Any CPU.ActiveCfg = Release|Any CPU
		{F10ED42C-4A97-462D-812C-249C07B5F1EE}.Release|Any CPU.Build.0 = Release|Any CPU
		{73A6B03F-FF47-45FD-B3EE-99116AEB28D5}.Debug|Any CPU.ActiveCfg = Debug|Any CPU
		{73A6B03F-FF47-45FD-B3EE-99116AEB28D5}.Debug|Any CPU.Build.0 = Debug|Any CPU
		{73A6B03F-FF47-45FD-B3EE-99116AEB28D5}.Release|Any CPU.ActiveCfg = Release|Any CPU
		{73A6B03F-FF47-45FD-B3EE-99116AEB28D5}.Release|Any CPU.Build.0 = Release|Any CPU
		{FAF16BA9-5B06-43F3-A363-DF1D6A152A05}.Debug|Any CPU.ActiveCfg = Debug|Any CPU
		{FAF16BA9-5B06-43F3-A363-DF1D6A152A05}.Debug|Any CPU.Build.0 = Debug|Any CPU
		{FAF16BA9-5B06-43F3-A363-DF1D6A152A05}.Release|Any CPU.ActiveCfg = Release|Any CPU
		{FAF16BA9-5B06-43F3-A363-DF1D6A152A05}.Release|Any CPU.Build.0 = Release|Any CPU
		{BA9F1559-7F72-4564-B59C-4D2B824503FF}.Debug|Any CPU.ActiveCfg = Debug|Any CPU
		{BA9F1559-7F72-4564-B59C-4D2B824503FF}.Debug|Any CPU.Build.0 = Debug|Any CPU
		{BA9F1559-7F72-4564-B59C-4D2B824503FF}.Release|Any CPU.ActiveCfg = Release|Any CPU
		{BA9F1559-7F72-4564-B59C-4D2B824503FF}.Release|Any CPU.Build.0 = Release|Any CPU
	EndGlobalSection
	GlobalSection(SolutionProperties) = preSolution
		HideSolutionNode = FALSE
	EndGlobalSection
	GlobalSection(NestedProjects) = preSolution
		{A86AC004-B219-489D-838C-7EB2B10E8C3B} = {9B57D1C5-CD32-4FF6-BB5D-392B5A4B864F}
		{EC64E43A-0FA7-46B9-B05C-7D6717F10B65} = {9B57D1C5-CD32-4FF6-BB5D-392B5A4B864F}
		{87702217-7690-4EBE-8307-1400D2F237C2} = {9B57D1C5-CD32-4FF6-BB5D-392B5A4B864F}
		{47460622-2362-48E3-8321-788DC9FC7854} = {A792AEF0-9396-4653-BF61-9DBEE2A37E40}
		{318FC224-11C6-49EA-BB9F-891F2AAB5275} = {9B57D1C5-CD32-4FF6-BB5D-392B5A4B864F}
		{9D005FB0-16B1-4E41-9759-D66A4113644A} = {9B57D1C5-CD32-4FF6-BB5D-392B5A4B864F}
		{50AEAF8E-6A51-4A6B-8D24-670C67434E7B} = {9B57D1C5-CD32-4FF6-BB5D-392B5A4B864F}
		{52C6C20D-9108-4313-BBA0-5BE6BD4CEABA} = {9B57D1C5-CD32-4FF6-BB5D-392B5A4B864F}
		{EC81D679-186F-4581-B2E1-C61F1B369034} = {9B57D1C5-CD32-4FF6-BB5D-392B5A4B864F}
		{50EB0C1E-873C-447C-9937-7C496D7250D2} = {9B57D1C5-CD32-4FF6-BB5D-392B5A4B864F}
		{81F99DD0-2460-4A83-9589-DB86EFB1A707} = {A792AEF0-9396-4653-BF61-9DBEE2A37E40}
		{A342A21D-7383-40F6-B56E-0CF66D5A6F96} = {5826688D-A5B7-44BB-913D-7740D420AF1F}
		{75A2E00A-C110-4668-AC54-93574079918F} = {A342A21D-7383-40F6-B56E-0CF66D5A6F96}
		{BCB9E295-E0BA-4460-980A-1D410721A480} = {5826688D-A5B7-44BB-913D-7740D420AF1F}
		{B43DBDF8-6EC0-4E69-9BDD-6131142764DF} = {5826688D-A5B7-44BB-913D-7740D420AF1F}
		{F10ED42C-4A97-462D-812C-249C07B5F1EE} = {5826688D-A5B7-44BB-913D-7740D420AF1F}
		{73A6B03F-FF47-45FD-B3EE-99116AEB28D5} = {7D455737-A9F7-4F8F-A6F4-52E9AC93770E}
		{7D455737-A9F7-4F8F-A6F4-52E9AC93770E} = {5826688D-A5B7-44BB-913D-7740D420AF1F}
		{FAF16BA9-5B06-43F3-A363-DF1D6A152A05} = {7D455737-A9F7-4F8F-A6F4-52E9AC93770E}
		{BA9F1559-7F72-4564-B59C-4D2B824503FF} = {7D455737-A9F7-4F8F-A6F4-52E9AC93770E}
	EndGlobalSection
EndGlobal
